
Microsoft Visual Studio Solution File, Format Version 12.00
# Visual Studio Version 17
VisualStudioVersion = 17.0.31903.59
MinimumVisualStudioVersion = 10.0.40219.1
Project("{FAE04EC0-301F-11D3-BF4B-00C04F79EFBC}") = "AmassOrchestrator.Web", "AmassOrchestrator.Web\AmassOrchestrator.Web.csproj", "{6CB65172-484E-4154-A308-944F19B28F0B}"
EndProject
Project("{FAE04EC0-301F-11D3-BF4B-00C04F79EFBC}") = "AmassOrchestrator.Tests", "AmassOrchestrator.Tests\AmassOrchestrator.Tests.csproj", "{50472579-CA0F-4CD7-A400-9E990195D62E}"
EndProject
Global
	GlobalSection(SolutionConfigurationPlatforms) = preSolution
		Debug|Any CPU = Debug|Any CPU
		Debug|x64 = Debug|x64
		Debug|x86 = Debug|x86
		Release|Any CPU = Release|Any CPU
		Release|x64 = Release|x64
		Release|x86 = Release|x86
	EndGlobalSection
	GlobalSection(ProjectConfigurationPlatforms) = postSolution
		{6CB65172-484E-4154-A308-944F19B28F0B}.Debug|Any CPU.ActiveCfg = Debug|Any CPU
		{6CB65172-484E-4154-A308-944F19B28F0B}.Debug|Any CPU.Build.0 = Debug|Any CPU
		{6CB65172-484E-4154-A308-944F19B28F0B}.Debug|x64.ActiveCfg = Debug|Any CPU
		{6CB65172-484E-4154-A308-944F19B28F0B}.Debug|x64.Build.0 = Debug|Any CPU
		{6CB65172-484E-4154-A308-944F19B28F0B}.Debug|x86.ActiveCfg = Debug|Any CPU
		{6CB65172-484E-4154-A308-944F19B28F0B}.Debug|x86.Build.0 = Debug|Any CPU
		{6CB65172-484E-4154-A308-944F19B28F0B}.Release|Any CPU.ActiveCfg = Release|Any CPU
		{6CB65172-484E-4154-A308-944F19B28F0B}.Release|Any CPU.Build.0 = Release|Any CPU
		{6CB65172-484E-4154-A308-944F19B28F0B}.Release|x64.ActiveCfg = Release|Any CPU
		{6CB65172-484E-4154-A308-944F19B28F0B}.Release|x64.Build.0 = Release|Any CPU
		{6CB65172-484E-4154-A308-944F19B28F0B}.Release|x86.ActiveCfg = Release|Any CPU
		{6CB65172-484E-4154-A308-944F19B28F0B}.Release|x86.Build.0 = Release|Any CPU
		{50472579-CA0F-4CD7-A400-9E990195D62E}.Debug|Any CPU.ActiveCfg = Debug|Any CPU
		{50472579-CA0F-4CD7-A400-9E990195D62E}.Debug|Any CPU.Build.0 = Debug|Any CPU
		{50472579-CA0F-4CD7-A400-9E990195D62E}.Debug|x64.ActiveCfg = Debug|Any CPU
		{50472579-CA0F-4CD7-A400-9E990195D62E}.Debug|x64.Build.0 = Debug|Any CPU
		{50472579-CA0F-4CD7-A400-9E990195D62E}.Debug|x86.ActiveCfg = Debug|Any CPU
		{50472579-CA0F-4CD7-A400-9E990195D62E}.Debug|x86.Build.0 = Debug|Any CPU
		{50472579-CA0F-4CD7-A400-9E990195D62E}.Release|Any CPU.ActiveCfg = Release|Any CPU
		{50472579-CA0F-4CD7-A400-9E990195D62E}.Release|Any CPU.Build.0 = Release|Any CPU
		{50472579-CA0F-4CD7-A400-9E990195D62E}.Release|x64.ActiveCfg = Release|Any CPU
		{50472579-CA0F-4CD7-A400-9E990195D62E}.Release|x64.Build.0 = Release|Any CPU
		{50472579-CA0F-4CD7-A400-9E990195D62E}.Release|x86.ActiveCfg = Release|Any CPU
		{50472579-CA0F-4CD7-A400-9E990195D62E}.Release|x86.Build.0 = Release|Any CPU
	EndGlobalSection
	GlobalSection(SolutionProperties) = preSolution
		HideSolutionNode = FALSE
	EndGlobalSection
EndGlobal
